{
  "name": "@levibostian/my_isnullorundefined",
  "version": "1.0.1",
  "lockfileVersion": 1,
  "requires": true,
  "dependencies": {
    "@types/lodash": {
      "version": "4.14.165",
      "resolved": "https://registry.npmjs.org/@types/lodash/-/lodash-4.14.165.tgz",
      "integrity": "sha512-tjSSOTHhI5mCHTy/OOXYIhi2Wt1qcbHmuXD1Ha7q70CgI/I71afO4XtLb/cVexki1oVYchpul/TOuu3Arcdxrg==",
      "dev": true
    },
    "@types/lodash.isnil": {
      "version": "4.0.6",
      "resolved": "https://registry.npmjs.org/@types/lodash.isnil/-/lodash.isnil-4.0.6.tgz",
      "integrity": "sha512-K+9ZVqwWUFKxijX7rPGnrubfTtCQ5VwW0xgPCL5iLBBLg5sUFFXdPG3QxkpGNJil8mgttRqNLSWNweEsUrBXTg==",
      "dev": true,
      "requires": {
        "@types/lodash": "*"
      }
    },
    "lodash.isnil": {
      "version": "4.0.0",
      "resolved": "https://registry.npmjs.org/lodash.isnil/-/lodash.isnil-4.0.0.tgz",
      "integrity": "sha1-SeKM1VkBNFjIFMVHnTxmOiG/qmw="
    }
  }
}
