{
  "name": "@levibostian/my_objisobj",
  "version": "1.0.1",
  "lockfileVersion": 1,
  "requires": true,
  "dependencies": {
    "@types/lodash": {
      "version": "4.14.165",
      "resolved": "https://registry.npmjs.org/@types/lodash/-/lodash-4.14.165.tgz",
      "integrity": "sha512-tjSSOTHhI5mCHTy/OOXYIhi2Wt1qcbHmuXD1Ha7q70CgI/I71afO4XtLb/cVexki1oVYchpul/TOuu3Arcdxrg==",
      "dev": true
    },
    "@types/lodash.isplainobject": {
      "version": "4.0.6",
      "resolved": "https://registry.npmjs.org/@types/lodash.isplainobject/-/lodash.isplainobject-4.0.6.tgz",
      "integrity": "sha512-8G41YFhmOl8Ck6NrwLK5hhnbz6ADfuDJP+zusDnX3PoYhfC60+H/rQE6zmdO4yFzPCPJPY4oGZK2spbXm6gYEA==",
      "dev": true,
      "requires": {
        "@types/lodash": "*"
      }
    },
    "lodash.isplainobject": {
      "version": "4.0.6",
      "resolved": "https://registry.npmjs.org/lodash.isplainobject/-/lodash.isplainobject-4.0.6.tgz",
      "integrity": "sha1-fFJqUtibRcRcxpC4gWO+BJf1UMs="
    }
  }
}
